// !$*UTF8*$!
{
	archiveVersion = 1;
	classes = {
	};
	objectVersion = 56;
	objects = {

/* Begin PBXBuildFile section */
		41B30843296A6C2D573BD65D /* Pods_ChattingPractice.framework in Frameworks */ = {isa = PBXBuildFile; fileRef = FCC8139CA0A3543699663A69 /* Pods_ChattingPractice.framework */; };
		ED5A05DA2A21D7B5007C46D3 /* PeopleTableViewCell.swift in Sources */ = {isa = PBXBuildFile; fileRef = ED5A05D92A21D7B5007C46D3 /* PeopleTableViewCell.swift */; };
		ED5A05DD2A21EE6B007C46D3 /* ChatRoomsViewController.swift in Sources */ = {isa = PBXBuildFile; fileRef = ED5A05DC2A21EE6B007C46D3 /* ChatRoomsViewController.swift */; };
		ED5A05DF2A21F1BB007C46D3 /* ChatListCell.swift in Sources */ = {isa = PBXBuildFile; fileRef = ED5A05DE2A21F1BB007C46D3 /* ChatListCell.swift */; };
		ED7573A02A213E2700985F4E /* MyMessageCell.swift in Sources */ = {isa = PBXBuildFile; fileRef = ED75739F2A213E2700985F4E /* MyMessageCell.swift */; };
		ED7573A22A213E5100985F4E /* DestinationMessageCell.swift in Sources */ = {isa = PBXBuildFile; fileRef = ED7573A12A213E5100985F4E /* DestinationMessageCell.swift */; };
		ED924F8F2A20744E007DB379 /* BaseViewController.swift in Sources */ = {isa = PBXBuildFile; fileRef = ED924F8E2A20744E007DB379 /* BaseViewController.swift */; };
		ED924F912A20AEB4007DB379 /* PeopleViewController.swift in Sources */ = {isa = PBXBuildFile; fileRef = ED924F902A20AEB4007DB379 /* PeopleViewController.swift */; };
		ED924F942A20F744007DB379 /* UserModel.swift in Sources */ = {isa = PBXBuildFile; fileRef = ED924F932A20F744007DB379 /* UserModel.swift */; };
		ED924F962A2113D9007DB379 /* ChatViewController.swift in Sources */ = {isa = PBXBuildFile; fileRef = ED924F952A2113D9007DB379 /* ChatViewController.swift */; };
		ED924F982A2116BB007DB379 /* ChatModel.swift in Sources */ = {isa = PBXBuildFile; fileRef = ED924F972A2116BB007DB379 /* ChatModel.swift */; };
		ED9AF9062A1FA0DD00A5ECED /* GoogleService-Info.plist in Resources */ = {isa = PBXBuildFile; fileRef = ED9AF9052A1FA0DD00A5ECED /* GoogleService-Info.plist */; };
		ED9AF90A2A1FBF8F00A5ECED /* RemoteConfigDefaults.plist in Resources */ = {isa = PBXBuildFile; fileRef = ED9AF9092A1FBF8F00A5ECED /* RemoteConfigDefaults.plist */; };
		ED9AF90C2A1FC81900A5ECED /* LoginViewController.swift in Sources */ = {isa = PBXBuildFile; fileRef = ED9AF90B2A1FC81900A5ECED /* LoginViewController.swift */; };
		ED9AF90E2A206EE000A5ECED /* SignupViewController.swift in Sources */ = {isa = PBXBuildFile; fileRef = ED9AF90D2A206EE000A5ECED /* SignupViewController.swift */; };
		ED9AF9142A206F2E00A5ECED /* UIColor+Extension.swift in Sources */ = {isa = PBXBuildFile; fileRef = ED9AF9132A206F2E00A5ECED /* UIColor+Extension.swift */; };
		EDF87EB52A1F607E00FA8855 /* AppDelegate.swift in Sources */ = {isa = PBXBuildFile; fileRef = EDF87EB42A1F607E00FA8855 /* AppDelegate.swift */; };
		EDF87EB72A1F607E00FA8855 /* SceneDelegate.swift in Sources */ = {isa = PBXBuildFile; fileRef = EDF87EB62A1F607E00FA8855 /* SceneDelegate.swift */; };
		EDF87EB92A1F607E00FA8855 /* ViewController.swift in Sources */ = {isa = PBXBuildFile; fileRef = EDF87EB82A1F607E00FA8855 /* ViewController.swift */; };
		EDF87EBC2A1F607E00FA8855 /* Main.storyboard in Resources */ = {isa = PBXBuildFile; fileRef = EDF87EBA2A1F607E00FA8855 /* Main.storyboard */; };
		EDF87EBE2A1F607F00FA8855 /* Assets.xcassets in Resources */ = {isa = PBXBuildFile; fileRef = EDF87EBD2A1F607F00FA8855 /* Assets.xcassets */; };
		EDF87EC12A1F607F00FA8855 /* LaunchScreen.storyboard in Resources */ = {isa = PBXBuildFile; fileRef = EDF87EBF2A1F607F00FA8855 /* LaunchScreen.storyboard */; };
/* End PBXBuildFile section */

/* Begin PBXFileReference section */
		753207E1CE9642460CD0BEA4 /* Pods-ChattingPractice.release.xcconfig */ = {isa = PBXFileReference; includeInIndex = 1; lastKnownFileType = text.xcconfig; name = "Pods-ChattingPractice.release.xcconfig"; path = "Target Support Files/Pods-ChattingPractice/Pods-ChattingPractice.release.xcconfig"; sourceTree = "<group>"; };
		CF116C79794C48878264128C /* Pods-ChattingPractice.debug.xcconfig */ = {isa = PBXFileReference; includeInIndex = 1; lastKnownFileType = text.xcconfig; name = "Pods-ChattingPractice.debug.xcconfig"; path = "Target Support Files/Pods-ChattingPractice/Pods-ChattingPractice.debug.xcconfig"; sourceTree = "<group>"; };
		ED5A05D92A21D7B5007C46D3 /* PeopleTableViewCell.swift */ = {isa = PBXFileReference; lastKnownFileType = sourcecode.swift; path = PeopleTableViewCell.swift; sourceTree = "<group>"; };
		ED5A05DC2A21EE6B007C46D3 /* ChatRoomsViewController.swift */ = {isa = PBXFileReference; lastKnownFileType = sourcecode.swift; path = ChatRoomsViewController.swift; sourceTree = "<group>"; };
		ED5A05DE2A21F1BB007C46D3 /* ChatListCell.swift */ = {isa = PBXFileReference; lastKnownFileType = sourcecode.swift; path = ChatListCell.swift; sourceTree = "<group>"; };
		ED75739F2A213E2700985F4E /* MyMessageCell.swift */ = {isa = PBXFileReference; lastKnownFileType = sourcecode.swift; path = MyMessageCell.swift; sourceTree = "<group>"; };
		ED7573A12A213E5100985F4E /* DestinationMessageCell.swift */ = {isa = PBXFileReference; lastKnownFileType = sourcecode.swift; path = DestinationMessageCell.swift; sourceTree = "<group>"; };
		ED924F8E2A20744E007DB379 /* BaseViewController.swift */ = {isa = PBXFileReference; lastKnownFileType = sourcecode.swift; path = BaseViewController.swift; sourceTree = "<group>"; };
		ED924F902A20AEB4007DB379 /* PeopleViewController.swift */ = {isa = PBXFileReference; lastKnownFileType = sourcecode.swift; path = PeopleViewController.swift; sourceTree = "<group>"; };
		ED924F932A20F744007DB379 /* UserModel.swift */ = {isa = PBXFileReference; lastKnownFileType = sourcecode.swift; path = UserModel.swift; sourceTree = "<group>"; };
		ED924F952A2113D9007DB379 /* ChatViewController.swift */ = {isa = PBXFileReference; lastKnownFileType = sourcecode.swift; path = ChatViewController.swift; sourceTree = "<group>"; };
		ED924F972A2116BB007DB379 /* ChatModel.swift */ = {isa = PBXFileReference; lastKnownFileType = sourcecode.swift; path = ChatModel.swift; sourceTree = "<group>"; };
		ED9AF9052A1FA0DD00A5ECED /* GoogleService-Info.plist */ = {isa = PBXFileReference; fileEncoding = 4; lastKnownFileType = text.plist.xml; path = "GoogleService-Info.plist"; sourceTree = "<group>"; };
		ED9AF9092A1FBF8F00A5ECED /* RemoteConfigDefaults.plist */ = {isa = PBXFileReference; lastKnownFileType = text.plist.xml; path = RemoteConfigDefaults.plist; sourceTree = "<group>"; };
		ED9AF90B2A1FC81900A5ECED /* LoginViewController.swift */ = {isa = PBXFileReference; lastKnownFileType = sourcecode.swift; path = LoginViewController.swift; sourceTree = "<group>"; };
		ED9AF90D2A206EE000A5ECED /* SignupViewController.swift */ = {isa = PBXFileReference; lastKnownFileType = sourcecode.swift; path = SignupViewController.swift; sourceTree = "<group>"; };
		ED9AF9132A206F2E00A5ECED /* UIColor+Extension.swift */ = {isa = PBXFileReference; fileEncoding = 4; lastKnownFileType = sourcecode.swift; path = "UIColor+Extension.swift"; sourceTree = "<group>"; };
		EDF87EB12A1F607E00FA8855 /* ChattingPractice.app */ = {isa = PBXFileReference; explicitFileType = wrapper.application; includeInIndex = 0; path = ChattingPractice.app; sourceTree = BUILT_PRODUCTS_DIR; };
		EDF87EB42A1F607E00FA8855 /* AppDelegate.swift */ = {isa = PBXFileReference; lastKnownFileType = sourcecode.swift; path = AppDelegate.swift; sourceTree = "<group>"; };
		EDF87EB62A1F607E00FA8855 /* SceneDelegate.swift */ = {isa = PBXFileReference; lastKnownFileType = sourcecode.swift; path = SceneDelegate.swift; sourceTree = "<group>"; };
		EDF87EB82A1F607E00FA8855 /* ViewController.swift */ = {isa = PBXFileReference; lastKnownFileType = sourcecode.swift; path = ViewController.swift; sourceTree = "<group>"; };
		EDF87EBB2A1F607E00FA8855 /* Base */ = {isa = PBXFileReference; lastKnownFileType = file.storyboard; name = Base; path = Base.lproj/Main.storyboard; sourceTree = "<group>"; };
		EDF87EBD2A1F607F00FA8855 /* Assets.xcassets */ = {isa = PBXFileReference; lastKnownFileType = folder.assetcatalog; path = Assets.xcassets; sourceTree = "<group>"; };
		EDF87EC02A1F607F00FA8855 /* Base */ = {isa = PBXFileReference; lastKnownFileType = file.storyboard; name = Base; path = Base.lproj/LaunchScreen.storyboard; sourceTree = "<group>"; };
		EDF87EC22A1F607F00FA8855 /* Info.plist */ = {isa = PBXFileReference; lastKnownFileType = text.plist.xml; path = Info.plist; sourceTree = "<group>"; };
		FCC8139CA0A3543699663A69 /* Pods_ChattingPractice.framework */ = {isa = PBXFileReference; explicitFileType = wrapper.framework; includeInIndex = 0; path = Pods_ChattingPractice.framework; sourceTree = BUILT_PRODUCTS_DIR; };
/* End PBXFileReference section */

/* Begin PBXFrameworksBuildPhase section */
		EDF87EAE2A1F607E00FA8855 /* Frameworks */ = {
			isa = PBXFrameworksBuildPhase;
			buildActionMask = 2147483647;
			files = (
				41B30843296A6C2D573BD65D /* Pods_ChattingPractice.framework in Frameworks */,
			);
			runOnlyForDeploymentPostprocessing = 0;
		};
/* End PBXFrameworksBuildPhase section */

/* Begin PBXGroup section */
		D3F3C26DADD9242B6F3EF51A /* Frameworks */ = {
			isa = PBXGroup;
			children = (
				FCC8139CA0A3543699663A69 /* Pods_ChattingPractice.framework */,
			);
			name = Frameworks;
			sourceTree = "<group>";
		};
		DBC5EEB998F9B1B75CA0B19F /* Pods */ = {
			isa = PBXGroup;
			children = (
				CF116C79794C48878264128C /* Pods-ChattingPractice.debug.xcconfig */,
				753207E1CE9642460CD0BEA4 /* Pods-ChattingPractice.release.xcconfig */,
			);
			path = Pods;
			sourceTree = "<group>";
		};
		ED5A05D82A21D79B007C46D3 /* Views */ = {
			isa = PBXGroup;
			children = (
				ED75739F2A213E2700985F4E /* MyMessageCell.swift */,
				ED7573A12A213E5100985F4E /* DestinationMessageCell.swift */,
				ED5A05D92A21D7B5007C46D3 /* PeopleTableViewCell.swift */,
				ED5A05DE2A21F1BB007C46D3 /* ChatListCell.swift */,
			);
			path = Views;
			sourceTree = "<group>";
		};
		ED5A05DB2A21EE42007C46D3 /* TabBar */ = {
			isa = PBXGroup;
			children = (
				ED924F902A20AEB4007DB379 /* PeopleViewController.swift */,
				ED924F952A2113D9007DB379 /* ChatViewController.swift */,
				ED5A05DC2A21EE6B007C46D3 /* ChatRoomsViewController.swift */,
				ED5A05D82A21D79B007C46D3 /* Views */,
			);
			path = TabBar;
			sourceTree = "<group>";
		};
		ED924F922A20F724007DB379 /* Models */ = {
			isa = PBXGroup;
			children = (
				ED924F932A20F744007DB379 /* UserModel.swift */,
				ED924F972A2116BB007DB379 /* ChatModel.swift */,
			);
			path = Models;
			sourceTree = "<group>";
		};
		ED9AF90F2A206EE300A5ECED /* ViewControllers */ = {
			isa = PBXGroup;
			children = (
				EDF87EBA2A1F607E00FA8855 /* Main.storyboard */,
				ED924F8E2A20744E007DB379 /* BaseViewController.swift */,
				EDF87EB82A1F607E00FA8855 /* ViewController.swift */,
				ED9AF90B2A1FC81900A5ECED /* LoginViewController.swift */,
				ED9AF90D2A206EE000A5ECED /* SignupViewController.swift */,
				ED5A05DB2A21EE42007C46D3 /* TabBar */,
			);
			path = ViewControllers;
			sourceTree = "<group>";
		};
		ED9AF9102A206EF800A5ECED /* Extensions */ = {
			isa = PBXGroup;
			children = (
				ED9AF9132A206F2E00A5ECED /* UIColor+Extension.swift */,
			);
			path = Extensions;
			sourceTree = "<group>";
		};
		ED9AF9152A206F3600A5ECED /* Resources */ = {
			isa = PBXGroup;
			children = (
				EDF87EBD2A1F607F00FA8855 /* Assets.xcassets */,
				EDF87EBF2A1F607F00FA8855 /* LaunchScreen.storyboard */,
				EDF87EC22A1F607F00FA8855 /* Info.plist */,
				ED9AF9052A1FA0DD00A5ECED /* GoogleService-Info.plist */,
				ED9AF9092A1FBF8F00A5ECED /* RemoteConfigDefaults.plist */,
			);
			path = Resources;
			sourceTree = "<group>";
		};
		EDF87EA82A1F607E00FA8855 = {
			isa = PBXGroup;
			children = (
				EDF87EB32A1F607E00FA8855 /* ChattingPractice */,
				EDF87EB22A1F607E00FA8855 /* Products */,
				DBC5EEB998F9B1B75CA0B19F /* Pods */,
				D3F3C26DADD9242B6F3EF51A /* Frameworks */,
			);
			sourceTree = "<group>";
		};
		EDF87EB22A1F607E00FA8855 /* Products */ = {
			isa = PBXGroup;
			children = (
				EDF87EB12A1F607E00FA8855 /* ChattingPractice.app */,
			);
			name = Products;
			sourceTree = "<group>";
		};
		EDF87EB32A1F607E00FA8855 /* ChattingPractice */ = {
			isa = PBXGroup;
			children = (
				EDF87EB42A1F607E00FA8855 /* AppDelegate.swift */,
				EDF87EB62A1F607E00FA8855 /* SceneDelegate.swift */,
				ED9AF9102A206EF800A5ECED /* Extensions */,
				ED924F922A20F724007DB379 /* Models */,
				ED9AF90F2A206EE300A5ECED /* ViewControllers */,
				ED9AF9152A206F3600A5ECED /* Resources */,
			);
			path = ChattingPractice;
			sourceTree = "<group>";
		};
/* End PBXGroup section */

/* Begin PBXNativeTarget section */
		EDF87EB02A1F607E00FA8855 /* ChattingPractice */ = {
			isa = PBXNativeTarget;
			buildConfigurationList = EDF87EC52A1F607F00FA8855 /* Build configuration list for PBXNativeTarget "ChattingPractice" */;
			buildPhases = (
				03D6D92AA3CB2649E0165C7A /* [CP] Check Pods Manifest.lock */,
				EDF87EAD2A1F607E00FA8855 /* Sources */,
				EDF87EAE2A1F607E00FA8855 /* Frameworks */,
				EDF87EAF2A1F607E00FA8855 /* Resources */,
				210BB9918B16CB2E25B75BD5 /* [CP] Embed Pods Frameworks */,
			);
			buildRules = (
			);
			dependencies = (
			);
			name = ChattingPractice;
			productName = ChattingPractice;
			productReference = EDF87EB12A1F607E00FA8855 /* ChattingPractice.app */;
			productType = "com.apple.product-type.application";
		};
/* End PBXNativeTarget section */

/* Begin PBXProject section */
		EDF87EA92A1F607E00FA8855 /* Project object */ = {
			isa = PBXProject;
			attributes = {
				BuildIndependentTargetsInParallel = 1;
				LastSwiftUpdateCheck = 1420;
				LastUpgradeCheck = 1420;
				TargetAttributes = {
					EDF87EB02A1F607E00FA8855 = {
						CreatedOnToolsVersion = 14.2;
					};
				};
			};
			buildConfigurationList = EDF87EAC2A1F607E00FA8855 /* Build configuration list for PBXProject "ChattingPractice" */;
			compatibilityVersion = "Xcode 14.0";
			developmentRegion = en;
			hasScannedForEncodings = 0;
			knownRegions = (
				en,
				Base,
			);
			mainGroup = EDF87EA82A1F607E00FA8855;
			productRefGroup = EDF87EB22A1F607E00FA8855 /* Products */;
			projectDirPath = "";
			projectRoot = "";
			targets = (
				EDF87EB02A1F607E00FA8855 /* ChattingPractice */,
			);
		};
/* End PBXProject section */

/* Begin PBXResourcesBuildPhase section */
		EDF87EAF2A1F607E00FA8855 /* Resources */ = {
			isa = PBXResourcesBuildPhase;
			buildActionMask = 2147483647;
			files = (
				EDF87EC12A1F607F00FA8855 /* LaunchScreen.storyboard in Resources */,
				EDF87EBE2A1F607F00FA8855 /* Assets.xcassets in Resources */,
				EDF87EBC2A1F607E00FA8855 /* Main.storyboard in Resources */,
				ED9AF90A2A1FBF8F00A5ECED /* RemoteConfigDefaults.plist in Resources */,
				ED9AF9062A1FA0DD00A5ECED /* GoogleService-Info.plist in Resources */,
			);
			runOnlyForDeploymentPostprocessing = 0;
		};
/* End PBXResourcesBuildPhase section */

/* Begin PBXShellScriptBuildPhase section */
		03D6D92AA3CB2649E0165C7A /* [CP] Check Pods Manifest.lock */ = {
			isa = PBXShellScriptBuildPhase;
			buildActionMask = 2147483647;
			files = (
			);
			inputFileListPaths = (
			);
			inputPaths = (
				"${PODS_PODFILE_DIR_PATH}/Podfile.lock",
				"${PODS_ROOT}/Manifest.lock",
			);
			name = "[CP] Check Pods Manifest.lock";
			outputFileListPaths = (
			);
			outputPaths = (
				"$(DERIVED_FILE_DIR)/Pods-ChattingPractice-checkManifestLockResult.txt",
			);
			runOnlyForDeploymentPostprocessing = 0;
			shellPath = /bin/sh;
			shellScript = "diff \"${PODS_PODFILE_DIR_PATH}/Podfile.lock\" \"${PODS_ROOT}/Manifest.lock\" > /dev/null\nif [ $? != 0 ] ; then\n    # print error to STDERR\n    echo \"error: The sandbox is not in sync with the Podfile.lock. Run 'pod install' or update your CocoaPods installation.\" >&2\n    exit 1\nfi\n# This output is used by Xcode 'outputs' to avoid re-running this script phase.\necho \"SUCCESS\" > \"${SCRIPT_OUTPUT_FILE_0}\"\n";
			showEnvVarsInLog = 0;
		};
		210BB9918B16CB2E25B75BD5 /* [CP] Embed Pods Frameworks */ = {
			isa = PBXShellScriptBuildPhase;
			buildActionMask = 2147483647;
			files = (
			);
			inputFileListPaths = (
				"${PODS_ROOT}/Target Support Files/Pods-ChattingPractice/Pods-ChattingPractice-frameworks-${CONFIGURATION}-input-files.xcfilelist",
			);
			name = "[CP] Embed Pods Frameworks";
			outputFileListPaths = (
				"${PODS_ROOT}/Target Support Files/Pods-ChattingPractice/Pods-ChattingPractice-frameworks-${CONFIGURATION}-output-files.xcfilelist",
			);
			runOnlyForDeploymentPostprocessing = 0;
			shellPath = /bin/sh;
			shellScript = "\"${PODS_ROOT}/Target Support Files/Pods-ChattingPractice/Pods-ChattingPractice-frameworks.sh\"\n";
			showEnvVarsInLog = 0;
		};
/* End PBXShellScriptBuildPhase section */

/* Begin PBXSourcesBuildPhase section */
		EDF87EAD2A1F607E00FA8855 /* Sources */ = {
			isa = PBXSourcesBuildPhase;
			buildActionMask = 2147483647;
			files = (
				ED9AF90E2A206EE000A5ECED /* SignupViewController.swift in Sources */,
				ED5A05DD2A21EE6B007C46D3 /* ChatRoomsViewController.swift in Sources */,
				EDF87EB92A1F607E00FA8855 /* ViewController.swift in Sources */,
				ED924F982A2116BB007DB379 /* ChatModel.swift in Sources */,
				EDF87EB52A1F607E00FA8855 /* AppDelegate.swift in Sources */,
				ED9AF9142A206F2E00A5ECED /* UIColor+Extension.swift in Sources */,
				EDF87EB72A1F607E00FA8855 /* SceneDelegate.swift in Sources */,
				ED5A05DA2A21D7B5007C46D3 /* PeopleTableViewCell.swift in Sources */,
				ED7573A22A213E5100985F4E /* DestinationMessageCell.swift in Sources */,
				ED5A05DF2A21F1BB007C46D3 /* ChatListCell.swift in Sources */,
				ED924F8F2A20744E007DB379 /* BaseViewController.swift in Sources */,
				ED9AF90C2A1FC81900A5ECED /* LoginViewController.swift in Sources */,
				ED924F942A20F744007DB379 /* UserModel.swift in Sources */,
				ED7573A02A213E2700985F4E /* MyMessageCell.swift in Sources */,
				ED924F962A2113D9007DB379 /* ChatViewController.swift in Sources */,
				ED924F912A20AEB4007DB379 /* PeopleViewController.swift in Sources */,
			);
			runOnlyForDeploymentPostprocessing = 0;
		};
/* End PBXSourcesBuildPhase section */

/* Begin PBXVariantGroup section */
		EDF87EBA2A1F607E00FA8855 /* Main.storyboard */ = {
			isa = PBXVariantGroup;
			children = (
				EDF87EBB2A1F607E00FA8855 /* Base */,
			);
			name = Main.storyboard;
			sourceTree = "<group>";
		};
		EDF87EBF2A1F607F00FA8855 /* LaunchScreen.storyboard */ = {
			isa = PBXVariantGroup;
			children = (
				EDF87EC02A1F607F00FA8855 /* Base */,
			);
			name = LaunchScreen.storyboard;
			sourceTree = "<group>";
		};
/* End PBXVariantGroup section */

/* Begin XCBuildConfiguration section */
		EDF87EC32A1F607F00FA8855 /* Debug */ = {
			isa = XCBuildConfiguration;
			buildSettings = {
				ALWAYS_SEARCH_USER_PATHS = NO;
				CLANG_ANALYZER_NONNULL = YES;
				CLANG_ANALYZER_NUMBER_OBJECT_CONVERSION = YES_AGGRESSIVE;
				CLANG_CXX_LANGUAGE_STANDARD = "gnu++20";
				CLANG_ENABLE_MODULES = YES;
				CLANG_ENABLE_OBJC_ARC = YES;
				CLANG_ENABLE_OBJC_WEAK = YES;
				CLANG_WARN_BLOCK_CAPTURE_AUTORELEASING = YES;
				CLANG_WARN_BOOL_CONVERSION = YES;
				CLANG_WARN_COMMA = YES;
				CLANG_WARN_CONSTANT_CONVERSION = YES;
				CLANG_WARN_DEPRECATED_OBJC_IMPLEMENTATIONS = YES;
				CLANG_WARN_DIRECT_OBJC_ISA_USAGE = YES_ERROR;
				CLANG_WARN_DOCUMENTATION_COMMENTS = YES;
				CLANG_WARN_EMPTY_BODY = YES;
				CLANG_WARN_ENUM_CONVERSION = YES;
				CLANG_WARN_INFINITE_RECURSION = YES;
				CLANG_WARN_INT_CONVERSION = YES;
				CLANG_WARN_NON_LITERAL_NULL_CONVERSION = YES;
				CLANG_WARN_OBJC_IMPLICIT_RETAIN_SELF = YES;
				CLANG_WARN_OBJC_LITERAL_CONVERSION = YES;
				CLANG_WARN_OBJC_ROOT_CLASS = YES_ERROR;
				CLANG_WARN_QUOTED_INCLUDE_IN_FRAMEWORK_HEADER = YES;
				CLANG_WARN_RANGE_LOOP_ANALYSIS = YES;
				CLANG_WARN_STRICT_PROTOTYPES = YES;
				CLANG_WARN_SUSPICIOUS_MOVE = YES;
				CLANG_WARN_UNGUARDED_AVAILABILITY = YES_AGGRESSIVE;
				CLANG_WARN_UNREACHABLE_CODE = YES;
				CLANG_WARN__DUPLICATE_METHOD_MATCH = YES;
				COPY_PHASE_STRIP = NO;
				DEBUG_INFORMATION_FORMAT = dwarf;
				ENABLE_STRICT_OBJC_MSGSEND = YES;
				ENABLE_TESTABILITY = YES;
				GCC_C_LANGUAGE_STANDARD = gnu11;
				GCC_DYNAMIC_NO_PIC = NO;
				GCC_NO_COMMON_BLOCKS = YES;
				GCC_OPTIMIZATION_LEVEL = 0;
				GCC_PREPROCESSOR_DEFINITIONS = (
					"DEBUG=1",
					"$(inherited)",
				);
				GCC_WARN_64_TO_32_BIT_CONVERSION = YES;
				GCC_WARN_ABOUT_RETURN_TYPE = YES_ERROR;
				GCC_WARN_UNDECLARED_SELECTOR = YES;
				GCC_WARN_UNINITIALIZED_AUTOS = YES_AGGRESSIVE;
				GCC_WARN_UNUSED_FUNCTION = YES;
				GCC_WARN_UNUSED_VARIABLE = YES;
				IPHONEOS_DEPLOYMENT_TARGET = 16.2;
				MTL_ENABLE_DEBUG_INFO = INCLUDE_SOURCE;
				MTL_FAST_MATH = YES;
				ONLY_ACTIVE_ARCH = YES;
				SDKROOT = iphoneos;
				SWIFT_ACTIVE_COMPILATION_CONDITIONS = DEBUG;
				SWIFT_OPTIMIZATION_LEVEL = "-Onone";
			};
			name = Debug;
		};
		EDF87EC42A1F607F00FA8855 /* Release */ = {
			isa = XCBuildConfiguration;
			buildSettings = {
				ALWAYS_SEARCH_USER_PATHS = NO;
				CLANG_ANALYZER_NONNULL = YES;
				CLANG_ANALYZER_NUMBER_OBJECT_CONVERSION = YES_AGGRESSIVE;
				CLANG_CXX_LANGUAGE_STANDARD = "gnu++20";
				CLANG_ENABLE_MODULES = YES;
				CLANG_ENABLE_OBJC_ARC = YES;
				CLANG_ENABLE_OBJC_WEAK = YES;
				CLANG_WARN_BLOCK_CAPTURE_AUTORELEASING = YES;
				CLANG_WARN_BOOL_CONVERSION = YES;
				CLANG_WARN_COMMA = YES;
				CLANG_WARN_CONSTANT_CONVERSION = YES;
				CLANG_WARN_DEPRECATED_OBJC_IMPLEMENTATIONS = YES;
				CLANG_WARN_DIRECT_OBJC_ISA_USAGE = YES_ERROR;
				CLANG_WARN_DOCUMENTATION_COMMENTS = YES;
				CLANG_WARN_EMPTY_BODY = YES;
				CLANG_WARN_ENUM_CONVERSION = YES;
				CLANG_WARN_INFINITE_RECURSION = YES;
				CLANG_WARN_INT_CONVERSION = YES;
				CLANG_WARN_NON_LITERAL_NULL_CONVERSION = YES;
				CLANG_WARN_OBJC_IMPLICIT_RETAIN_SELF = YES;
				CLANG_WARN_OBJC_LITERAL_CONVERSION = YES;
				CLANG_WARN_OBJC_ROOT_CLASS = YES_ERROR;
				CLANG_WARN_QUOTED_INCLUDE_IN_FRAMEWORK_HEADER = YES;
				CLANG_WARN_RANGE_LOOP_ANALYSIS = YES;
				CLANG_WARN_STRICT_PROTOTYPES = YES;
				CLANG_WARN_SUSPICIOUS_MOVE = YES;
				CLANG_WARN_UNGUARDED_AVAILABILITY = YES_AGGRESSIVE;
				CLANG_WARN_UNREACHABLE_CODE = YES;
				CLANG_WARN__DUPLICATE_METHOD_MATCH = YES;
				COPY_PHASE_STRIP = NO;
				DEBUG_INFORMATION_FORMAT = "dwarf-with-dsym";
				ENABLE_NS_ASSERTIONS = NO;
				ENABLE_STRICT_OBJC_MSGSEND = YES;
				GCC_C_LANGUAGE_STANDARD = gnu11;
				GCC_NO_COMMON_BLOCKS = YES;
				GCC_WARN_64_TO_32_BIT_CONVERSION = YES;
				GCC_WARN_ABOUT_RETURN_TYPE = YES_ERROR;
				GCC_WARN_UNDECLARED_SELECTOR = YES;
				GCC_WARN_UNINITIALIZED_AUTOS = YES_AGGRESSIVE;
				GCC_WARN_UNUSED_FUNCTION = YES;
				GCC_WARN_UNUSED_VARIABLE = YES;
				IPHONEOS_DEPLOYMENT_TARGET = 16.2;
				MTL_ENABLE_DEBUG_INFO = NO;
				MTL_FAST_MATH = YES;
				SDKROOT = iphoneos;
				SWIFT_COMPILATION_MODE = wholemodule;
				SWIFT_OPTIMIZATION_LEVEL = "-O";
				VALIDATE_PRODUCT = YES;
			};
			name = Release;
		};
		EDF87EC62A1F607F00FA8855 /* Debug */ = {
			isa = XCBuildConfiguration;
			baseConfigurationReference = CF116C79794C48878264128C /* Pods-ChattingPractice.debug.xcconfig */;
			buildSettings = {
				ASSETCATALOG_COMPILER_APPICON_NAME = AppIcon;
				ASSETCATALOG_COMPILER_GLOBAL_ACCENT_COLOR_NAME = AccentColor;
				CODE_SIGN_STYLE = Automatic;
				CURRENT_PROJECT_VERSION = 1;
				DEVELOPMENT_TEAM = 82J7RU93V4;
				GENERATE_INFOPLIST_FILE = YES;
				INFOPLIST_FILE = ChattingPractice/Resources/Info.plist;
				INFOPLIST_KEY_UIApplicationSupportsIndirectInputEvents = YES;
				INFOPLIST_KEY_UILaunchStoryboardName = LaunchScreen;
				INFOPLIST_KEY_UIMainStoryboardFile = Main;
				INFOPLIST_KEY_UISupportedInterfaceOrientations_iPad = "UIInterfaceOrientationPortrait UIInterfaceOrientationPortraitUpsideDown UIInterfaceOrientationLandscapeLeft UIInterfaceOrientationLandscapeRight";
				INFOPLIST_KEY_UISupportedInterfaceOrientations_iPhone = "UIInterfaceOrientationPortrait UIInterfaceOrientationLandscapeLeft UIInterfaceOrientationLandscapeRight";
				LD_RUNPATH_SEARCH_PATHS = (
					"$(inherited)",
					"@executable_path/Frameworks",
				);
				MARKETING_VERSION = 1.0;
				PRODUCT_BUNDLE_IDENTIFIER = com.JongHoon.ChattingPractice;
				PRODUCT_NAME = "$(TARGET_NAME)";
				SWIFT_EMIT_LOC_STRINGS = YES;
				SWIFT_VERSION = 5.0;
				TARGETED_DEVICE_FAMILY = "1,2";
			};
			name = Debug;
		};
		EDF87EC72A1F607F00FA8855 /* Release */ = {
			isa = XCBuildConfiguration;
			baseConfigurationReference = 753207E1CE9642460CD0BEA4 /* Pods-ChattingPractice.release.xcconfig */;
			buildSettings = {
				ASSETCATALOG_COMPILER_APPICON_NAME = AppIcon;
				ASSETCATALOG_COMPILER_GLOBAL_ACCENT_COLOR_NAME = AccentColor;
				CODE_SIGN_STYLE = Automatic;
				CURRENT_PROJECT_VERSION = 1;
				DEVELOPMENT_TEAM = 82J7RU93V4;
				GENERATE_INFOPLIST_FILE = YES;
				INFOPLIST_FILE = ChattingPractice/Resources/Info.plist;
				INFOPLIST_KEY_UIApplicationSupportsIndirectInputEvents = YES;
				INFOPLIST_KEY_UILaunchStoryboardName = LaunchScreen;
				INFOPLIST_KEY_UIMainStoryboardFile = Main;
				INFOPLIST_KEY_UISupportedInterfaceOrientations_iPad = "UIInterfaceOrientationPortrait UIInterfaceOrientationPortraitUpsideDown UIInterfaceOrientationLandscapeLeft UIInterfaceOrientationLandscapeRight";
				INFOPLIST_KEY_UISupportedInterfaceOrientations_iPhone = "UIInterfaceOrientationPortrait UIInterfaceOrientationLandscapeLeft UIInterfaceOrientationLandscapeRight";
				LD_RUNPATH_SEARCH_PATHS = (
					"$(inherited)",
					"@executable_path/Frameworks",
				);
				MARKETING_VERSION = 1.0;
				PRODUCT_BUNDLE_IDENTIFIER = com.JongHoon.ChattingPractice;
				PRODUCT_NAME = "$(TARGET_NAME)";
				SWIFT_EMIT_LOC_STRINGS = YES;
				SWIFT_VERSION = 5.0;
				TARGETED_DEVICE_FAMILY = "1,2";
			};
			name = Release;
		};
/* End XCBuildConfiguration section */

/* Begin XCConfigurationList section */
		EDF87EAC2A1F607E00FA8855 /* Build configuration list for PBXProject "ChattingPractice" */ = {
			isa = XCConfigurationList;
			buildConfigurations = (
				EDF87EC32A1F607F00FA8855 /* Debug */,
				EDF87EC42A1F607F00FA8855 /* Release */,
			);
			defaultConfigurationIsVisible = 0;
			defaultConfigurationName = Release;
		};
		EDF87EC52A1F607F00FA8855 /* Build configuration list for PBXNativeTarget "ChattingPractice" */ = {
			isa = XCConfigurationList;
			buildConfigurations = (
				EDF87EC62A1F607F00FA8855 /* Debug */,
				EDF87EC72A1F607F00FA8855 /* Release */,
			);
			defaultConfigurationIsVisible = 0;
			defaultConfigurationName = Release;
		};
/* End XCConfigurationList section */
	};
	rootObject = EDF87EA92A1F607E00FA8855 /* Project object */;
}
